Microsoft Visual Studio Solution File, Format Version 12.00
# Visual Studio Version 17
VisualStudioVersion = 17.5.2.0
MinimumVisualStudioVersion = 10.0.40219.1
Project("{FAE04EC0-301F-11D3-BF4B-00C04F79EFBC}") = "ContactApi", "ContactApi\ContactApi.csproj", "{5A616CFB-E56D-E542-C47E-2FA0C92357B7}"
EndProject
Global
	GlobalSection(SolutionConfigurationPlatforms) = preSolution
		Debug|Any CPU = Debug|Any CPU
		Release|Any CPU = Release|Any CPU
	EndGlobalSection
	GlobalSection(ProjectConfigurationPlatforms) = postSolution
		{5A616CFB-E56D-E542-C47E-2FA0C92357B7}.Debug|Any CPU.ActiveCfg = Debug|Any CPU
		{5A616CFB-E56D-E542-C47E-2FA0C92357B7}.Debug|Any CPU.Build.0 = Debug|Any CPU
		{5A616CFB-E56D-E542-C47E-2FA0C92357B7}.Release|Any CPU.ActiveCfg = Release|Any CPU
		{5A616CFB-E56D-E542-C47E-2FA0C92357B7}.Release|Any CPU.Build.0 = Release|Any CPU
	EndGlobalSection
	GlobalSection(SolutionProperties) = preSolution
		HideSolutionNode = FALSE
	EndGlobalSection
	GlobalSection(ExtensibilityGlobals) = postSolution
		SolutionGuid = {8F9432D8-3E4A-463D-A8A6-44B84C065505}
	EndGlobalSection
EndGlobal
